
Microsoft Visual Studio Solution File, Format Version 12.00
# Visual Studio 15
Project("{FAE04EC0-301F-11D3-BF4B-00C04F79EFBC}") = "Assembly-CSharp", "Assembly-CSharp.csproj", "{72864AA6-DB4E-31BA-1927-A6B9ABFAA816}"
EndProject
Project("{FAE04EC0-301F-11D3-BF4B-00C04F79EFBC}") = "BigRookGames", "BigRookGames.csproj", "{186C14E9-FD1C-ED2B-885D-B868163F2181}"
EndProject
Global
	GlobalSection(SolutionConfigurationPlatforms) = preSolution
		Debug|Any CPU = Debug|Any CPU
		Release|Any CPU = Release|Any CPU
	EndGlobalSection
	GlobalSection(ProjectConfigurationPlatforms) = postSolution
		{72864AA6-DB4E-31BA-1927-A6B9ABFAA816}.Debug|Any CPU.ActiveCfg = Debug|Any CPU
		{72864AA6-DB4E-31BA-1927-A6B9ABFAA816}.Debug|Any CPU.Build.0 = Debug|Any CPU
		{72864AA6-DB4E-31BA-1927-A6B9ABFAA816}.Release|Any CPU.ActiveCfg = Release|Any CPU
		{72864AA6-DB4E-31BA-1927-A6B9ABFAA816}.Release|Any CPU.Build.0 = Release|Any CPU
		{186C14E9-FD1C-ED2B-885D-B868163F2181}.Debug|Any CPU.ActiveCfg = Debug|Any CPU
		{186C14E9-FD1C-ED2B-885D-B868163F2181}.Debug|Any CPU.Build.0 = Debug|Any CPU
		{186C14E9-FD1C-ED2B-885D-B868163F2181}.Release|Any CPU.ActiveCfg = Release|Any CPU
		{186C14E9-FD1C-ED2B-885D-B868163F2181}.Release|Any CPU.Build.0 = Release|Any CPU
	EndGlobalSection
	GlobalSection(SolutionProperties) = preSolution
		HideSolutionNode = FALSE
	EndGlobalSection
EndGlobal
